
Microsoft Visual Studio Solution File, Format Version 12.00
# Visual Studio Version 17
VisualStudioVersion = 17.5.33530.505
MinimumVisualStudioVersion = 10.0.40219.1
Project("{2150E333-8FDC-42A3-9474-1A3956D46DE8}") = "Solution Items", "Solution Items", "{79FE9DBE-1155-4F78-A41F-FE95DEFA19DD}"
	ProjectSection(SolutionItems) = preProject
		.editorconfig = .editorconfig
		eng\Analyzers.targets = eng\Analyzers.targets
	EndProjectSection
EndProject
Project("{9A19103F-16F7-4668-BE54-9A1E7A4F7556}") = "Core", "dotnet\Core\Core.csproj", "{5AA7F0B6-30E6-451A-B1BE-F003BD3EC203}"
EndProject
Project("{888888A0-9F3D-457C-B088-3A5042F75D52}") = "LangChainAPI", "python\LangChainAPI\LangChainAPI.pyproj", "{DF3AF954-1999-4244-A783-BCE96EE17816}"
EndProject
Project("{9A19103F-16F7-4668-BE54-9A1E7A4F7556}") = "SemanticKernelAPI", "dotnet\SemanticKernelAPI\SemanticKernelAPI.csproj", "{98D48365-5BC3-4358-A62A-D7472ECF8081}"
EndProject
Project("{9A19103F-16F7-4668-BE54-9A1E7A4F7556}") = "Common", "dotnet\Common\Common.csproj", "{EB15554F-1CDA-4AFE-A5D5-036C2380FAC1}"
EndProject
Project("{9A19103F-16F7-4668-BE54-9A1E7A4F7556}") = "GatekeeperAPI", "dotnet\GatekeeperAPI\GatekeeperAPI.csproj", "{1EE77A34-9EAA-40F1-A9E3-3E5CAE1F60BB}"
EndProject
Project("{9A19103F-16F7-4668-BE54-9A1E7A4F7556}") = "Gatekeeper", "dotnet\Gatekeeper\Gatekeeper.csproj", "{EE8C3883-3439-428E-8EB6-583052FBB012}"
EndProject
Project("{2150E333-8FDC-42A3-9474-1A3956D46DE8}") = "tests", "tests", "{8A30EBBD-E436-40A4-AC79-5CB801F87FBB}"
EndProject
Project("{2150E333-8FDC-42A3-9474-1A3956D46DE8}") = "dotnet", "dotnet", "{28E0E967-A94D-4820-8A61-0B71D3B2780F}"
EndProject
Project("{2150E333-8FDC-42A3-9474-1A3956D46DE8}") = "python", "python", "{23275624-C0DA-4E93-9291-081D75E8CCD2}"
EndProject
Project("{9A19103F-16F7-4668-BE54-9A1E7A4F7556}") = "Core.Tests", "..\tests\dotnet\Core.Tests\Core.Tests.csproj", "{CEA12F10-5DB4-485D-97D1-508286B9B30A}"
EndProject
Project("{2150E333-8FDC-42A3-9474-1A3956D46DE8}") = "dotnet", "dotnet", "{B6DC1190-2873-44A3-85B3-63D7BDE99231}"
EndProject
Project("{2150E333-8FDC-42A3-9474-1A3956D46DE8}") = "python", "python", "{32FD7A00-B42E-4B0B-B09C-9CE48D8E047B}"
EndProject
Project("{9A19103F-16F7-4668-BE54-9A1E7A4F7556}") = "CoreAPI", "dotnet\CoreAPI\CoreAPI.csproj", "{17C39EB0-0DCA-4B43-9232-FA8DB9A6E675}"
EndProject
Project("{9A19103F-16F7-4668-BE54-9A1E7A4F7556}") = "Common.Tests", "..\tests\dotnet\Common.Tests\Common.Tests.csproj", "{9FF36F82-01BF-484C-B886-E201493A9429}"
EndProject
Project("{9A19103F-16F7-4668-BE54-9A1E7A4F7556}") = "Gatekeeper.Tests", "..\tests\dotnet\Gatekeeper.Tests\Gatekeeper.Tests.csproj", "{5B416B0E-E561-4DC1-9531-FAA323B5709B}"
EndProject
Project("{888888A0-9F3D-457C-B088-3A5042F75D52}") = "PythonSDK", "python\PythonSDK\PythonSDK.pyproj", "{2469CC23-7F26-4B84-8878-98D90604EEE8}"
EndProject
Project("{888888A0-9F3D-457C-B088-3A5042F75D52}") = "DataSourceHubAPI", "python\DataSourceHubAPI\DataSourceHubAPI.pyproj", "{637B74C9-AEB1-4B1A-8E92-20AC35D111EB}"
EndProject
Project("{888888A0-9F3D-457C-B088-3A5042F75D52}") = "PromptHubAPI", "python\PromptHubAPI\PromptHubAPI.pyproj", "{5D5FC907-72AD-4026-AA8D-DB6BA578AE0D}"
EndProject
Project("{888888A0-9F3D-457C-B088-3A5042F75D52}") = "AgentHubAPI", "python\AgentHubAPI\AgentHubAPI.pyproj", "{865A944E-76C4-4DA9-B367-6D1CAB66ABCC}"
EndProject
Project("{9A19103F-16F7-4668-BE54-9A1E7A4F7556}") = "OrchestrationAPI", "dotnet\OrchestrationAPI\OrchestrationAPI.csproj", "{87CBD379-8F88-4C45-B7B1-595B5BAE734D}"
EndProject
Project("{9A19103F-16F7-4668-BE54-9A1E7A4F7556}") = "Orchestration", "dotnet\Orchestration\Orchestration.csproj", "{59C6DEDC-F60D-4EB9-A2E5-793EC42F3895}"
EndProject
Project("{9A19103F-16F7-4668-BE54-9A1E7A4F7556}") = "TestUtils", "..\tests\dotnet\TestUtils\TestUtils.csproj", "{7F7CA6E9-F1F0-403D-B72D-2AC134F64CDE}"
EndProject
Project("{888888A0-9F3D-457C-B088-3A5042F75D52}") = "PythonSDK.Tests", "..\tests\python\PythonSDK.Tests\PythonSDK.Tests.pyproj", "{8FACDBA2-3FAD-4DBA-812A-67B9D1892F32}"
EndProject
Project("{888888A0-9F3D-457C-B088-3A5042F75D52}") = "AgentHubAPI.Tests", "..\tests\python\AgentHubAPI.Tests\AgentHubAPI.Tests.pyproj", "{A09449F4-008C-4BD8-AF3A-A98B7603D85D}"
EndProject
Project("{9A19103F-16F7-4668-BE54-9A1E7A4F7556}") = "CoreWorker", "dotnet\CoreWorker\CoreWorker.csproj", "{0DEF31F7-72E4-428A-A32B-C11F9C28B192}"
EndProject
Project("{9A19103F-16F7-4668-BE54-9A1E7A4F7556}") = "Vectorization", "dotnet\Vectorization\Vectorization.csproj", "{3A73EEED-1602-4CAC-BAAD-56062A3431CC}"
EndProject
Project("{9A19103F-16F7-4668-BE54-9A1E7A4F7556}") = "VectorizationAPI", "dotnet\VectorizationAPI\VectorizationAPI.csproj", "{3D8E64BB-C0D0-433A-AC4C-B9FFCFA4E013}"
EndProject
Project("{9A19103F-16F7-4668-BE54-9A1E7A4F7556}") = "VectorizationWorker", "dotnet\VectorizationWorker\VectorizationWorker.csproj", "{7EE65CBF-9052-4C02-BCDD-61C88A1E10E1}"
EndProject
Project("{888888A0-9F3D-457C-B088-3A5042F75D52}") = "GatekeeperIntegrationAPI", "python\GatekeeperIntegrationAPI\GatekeeperIntegrationAPI.pyproj", "{F74CBB5A-97B9-4F68-8077-8BAB49C841DC}"
EndProject
Project("{888888A0-9F3D-457C-B088-3A5042F75D52}") = "IntegrationSDK", "python\IntegrationSDK\IntegrationSDK.pyproj", "{196A5BCC-F189-443D-8D84-4B3BE66BBA9F}"
EndProject
Project("{888888A0-9F3D-457C-B088-3A5042F75D52}") = "IntegrationSDK.Tests", "..\tests\python\IntegrationSDK.Tests\IntegrationSDK.Tests.pyproj", "{6330DD34-9B05-4BD9-98E7-507134751CCA}"
EndProject
Project("{9A19103F-16F7-4668-BE54-9A1E7A4F7556}") = "Management", "dotnet\Management\Management.csproj", "{46FB5F1B-57C6-4CA3-B626-887DF6D806DD}"
EndProject
Project("{9A19103F-16F7-4668-BE54-9A1E7A4F7556}") = "ManagementAPI", "dotnet\ManagementAPI\ManagementAPI.csproj", "{2D54392A-8D86-4F54-9993-FB3B6C4C090E}"
EndProject
Project("{9A19103F-16F7-4668-BE54-9A1E7A4F7556}") = "SemanticKernel", "dotnet\SemanticKernel\SemanticKernel.csproj", "{CDB843FE-108B-435A-BF17-68052C64F500}"
EndProject
Project("{9A19103F-16F7-4668-BE54-9A1E7A4F7556}") = "Agent", "dotnet\Agent\Agent.csproj", "{9BE97AEC-032C-454B-BDAA-29418A769237}"
EndProject
Project("{9A19103F-16F7-4668-BE54-9A1E7A4F7556}") = "Prompt", "dotnet\Prompt\Prompt.csproj", "{E04B4AA1-2C79-4153-87A0-2BAC1256E4DE}"
EndProject
Project("{9A19103F-16F7-4668-BE54-9A1E7A4F7556}") = "Orchestration.Tests", "..\tests\dotnet\Orchestration.Tests\Orchestration.Tests.csproj", "{D2257807-4A0A-4324-A10B-D160550C9E1E}"
EndProject
Project("{9A19103F-16F7-4668-BE54-9A1E7A4F7556}") = "Vectorization.Tests", "..\tests\dotnet\Vectorization.Tests\Vectorization.Tests.csproj", "{7DD70AFD-69C4-4C82-9B67-5EE4A671D741}"
EndProject
Project("{9A19103F-16F7-4668-BE54-9A1E7A4F7556}") = "SemanticKernel.Tests", "..\tests\dotnet\SemanticKernel.Tests\SemanticKernel.Tests.csproj", "{9273591A-0499-4DAB-ACDA-3565586B9881}"
EndProject
Project("{9A19103F-16F7-4668-BE54-9A1E7A4F7556}") = "Configuration", "dotnet\Configuration\Configuration.csproj", "{355E060E-2214-4001-8810-5E2381E1C075}"
EndProject
Project("{9A19103F-16F7-4668-BE54-9A1E7A4F7556}") = "DataSource", "dotnet\DataSource\DataSource.csproj", "{9E243B01-0DA5-4E7B-9539-7E5BF87106EE}"
EndProject
Project("{9A19103F-16F7-4668-BE54-9A1E7A4F7556}") = "Authorization", "dotnet\Authorization\Authorization.csproj", "{10D4F412-0F01-485F-957E-9EA8F16AED10}"
EndProject
Project("{9A19103F-16F7-4668-BE54-9A1E7A4F7556}") = "AuthorizationAPI", "dotnet\AuthorizationAPI\AuthorizationAPI.csproj", "{63D7285C-0C40-49E9-BB4D-8AD2E0A29E62}"
EndProject
Project("{9A19103F-16F7-4668-BE54-9A1E7A4F7556}") = "Gateway", "dotnet\Gateway\Gateway.csproj", "{35833700-B5EF-4211-91C7-E12A03DE3B82}"
EndProject
Project("{9A19103F-16F7-4668-BE54-9A1E7A4F7556}") = "GatewayAPI", "dotnet\GatewayAPI\GatewayAPI.csproj", "{2A51F9EB-BFCB-4285-A6FC-80CCA46228FB}"
EndProject
Project("{9A19103F-16F7-4668-BE54-9A1E7A4F7556}") = "Core.Examples", "..\tests\dotnet\Core.Examples\Core.Examples.csproj", "{6230C568-E97B-4959-8ECE-33D97D1BBD4C}"
EndProject
Project("{9A19103F-16F7-4668-BE54-9A1E7A4F7556}") = "Attachment", "dotnet\Attachments\Attachment.csproj", "{8F66055B-3A50-4F9B-A774-7D17F2D4A523}"
EndProject
Project("{9A19103F-16F7-4668-BE54-9A1E7A4F7556}") = "CoreClient", "dotnet\CoreClient\CoreClient.csproj", "{31062ADB-88CD-401A-8DFE-B070DD91CFFD}"
EndProject
Project("{2150E333-8FDC-42A3-9474-1A3956D46DE8}") = "SDK", "SDK", "{C757E76C-AE42-4700-A92C-ED321D9CDB39}"
EndProject
Project("{9A19103F-16F7-4668-BE54-9A1E7A4F7556}") = "Core.Client.Tests", "..\tests\dotnet\Core.Client.Tests\Core.Client.Tests.csproj", "{95676184-9498-465C-B4FE-C67AA09A0397}"
EndProject
Project("{FAE04EC0-301F-11D3-BF4B-00C04F79EFBC}") = "ManagementClient", "dotnet\ManagementClient\ManagementClient.csproj", "{69E631C8-3266-4D40-9A7A-D67C07972BE2}"
EndProject
Project("{FAE04EC0-301F-11D3-BF4B-00C04F79EFBC}") = "Management.Client.Tests", "..\tests\dotnet\Management.Client.Tests\Management.Client.Tests.csproj", "{2B369949-0297-485E-9455-E8F54D078DB3}"
EndProject
Global
	GlobalSection(SolutionConfigurationPlatforms) = preSolution
		Debug|Any CPU = Debug|Any CPU
		Release|Any CPU = Release|Any CPU
	EndGlobalSection
	GlobalSection(ProjectConfigurationPlatforms) = postSolution
		{5AA7F0B6-30E6-451A-B1BE-F003BD3EC203}.Debug|Any CPU.ActiveCfg = Debug|Any CPU
		{5AA7F0B6-30E6-451A-B1BE-F003BD3EC203}.Debug|Any CPU.Build.0 = Debug|Any CPU
		{5AA7F0B6-30E6-451A-B1BE-F003BD3EC203}.Release|Any CPU.ActiveCfg = Release|Any CPU
		{5AA7F0B6-30E6-451A-B1BE-F003BD3EC203}.Release|Any CPU.Build.0 = Release|Any CPU
		{DF3AF954-1999-4244-A783-BCE96EE17816}.Debug|Any CPU.ActiveCfg = Debug|Any CPU
		{DF3AF954-1999-4244-A783-BCE96EE17816}.Debug|Any CPU.Build.0 = Debug|Any CPU
		{DF3AF954-1999-4244-A783-BCE96EE17816}.Release|Any CPU.ActiveCfg = Release|Any CPU
		{DF3AF954-1999-4244-A783-BCE96EE17816}.Release|Any CPU.Build.0 = Release|Any CPU
		{98D48365-5BC3-4358-A62A-D7472ECF8081}.Debug|Any CPU.ActiveCfg = Debug|Any CPU
		{98D48365-5BC3-4358-A62A-D7472ECF8081}.Debug|Any CPU.Build.0 = Debug|Any CPU
		{98D48365-5BC3-4358-A62A-D7472ECF8081}.Release|Any CPU.ActiveCfg = Release|Any CPU
		{98D48365-5BC3-4358-A62A-D7472ECF8081}.Release|Any CPU.Build.0 = Release|Any CPU
		{EB15554F-1CDA-4AFE-A5D5-036C2380FAC1}.Debug|Any CPU.ActiveCfg = Debug|Any CPU
		{EB15554F-1CDA-4AFE-A5D5-036C2380FAC1}.Debug|Any CPU.Build.0 = Debug|Any CPU
		{EB15554F-1CDA-4AFE-A5D5-036C2380FAC1}.Release|Any CPU.ActiveCfg = Release|Any CPU
		{EB15554F-1CDA-4AFE-A5D5-036C2380FAC1}.Release|Any CPU.Build.0 = Release|Any CPU
		{1EE77A34-9EAA-40F1-A9E3-3E5CAE1F60BB}.Debug|Any CPU.ActiveCfg = Debug|Any CPU
		{1EE77A34-9EAA-40F1-A9E3-3E5CAE1F60BB}.Debug|Any CPU.Build.0 = Debug|Any CPU
		{1EE77A34-9EAA-40F1-A9E3-3E5CAE1F60BB}.Release|Any CPU.ActiveCfg = Release|Any CPU
		{1EE77A34-9EAA-40F1-A9E3-3E5CAE1F60BB}.Release|Any CPU.Build.0 = Release|Any CPU
		{EE8C3883-3439-428E-8EB6-583052FBB012}.Debug|Any CPU.ActiveCfg = Debug|Any CPU
		{EE8C3883-3439-428E-8EB6-583052FBB012}.Debug|Any CPU.Build.0 = Debug|Any CPU
		{EE8C3883-3439-428E-8EB6-583052FBB012}.Release|Any CPU.ActiveCfg = Release|Any CPU
		{EE8C3883-3439-428E-8EB6-583052FBB012}.Release|Any CPU.Build.0 = Release|Any CPU
		{CEA12F10-5DB4-485D-97D1-508286B9B30A}.Debug|Any CPU.ActiveCfg = Debug|Any CPU
		{CEA12F10-5DB4-485D-97D1-508286B9B30A}.Release|Any CPU.ActiveCfg = Release|Any CPU
		{CEA12F10-5DB4-485D-97D1-508286B9B30A}.Release|Any CPU.Build.0 = Release|Any CPU
		{17C39EB0-0DCA-4B43-9232-FA8DB9A6E675}.Debug|Any CPU.ActiveCfg = Debug|Any CPU
		{17C39EB0-0DCA-4B43-9232-FA8DB9A6E675}.Debug|Any CPU.Build.0 = Debug|Any CPU
		{17C39EB0-0DCA-4B43-9232-FA8DB9A6E675}.Release|Any CPU.ActiveCfg = Release|Any CPU
		{17C39EB0-0DCA-4B43-9232-FA8DB9A6E675}.Release|Any CPU.Build.0 = Release|Any CPU
		{9FF36F82-01BF-484C-B886-E201493A9429}.Debug|Any CPU.ActiveCfg = Debug|Any CPU
		{9FF36F82-01BF-484C-B886-E201493A9429}.Debug|Any CPU.Build.0 = Debug|Any CPU
		{9FF36F82-01BF-484C-B886-E201493A9429}.Release|Any CPU.ActiveCfg = Release|Any CPU
		{9FF36F82-01BF-484C-B886-E201493A9429}.Release|Any CPU.Build.0 = Release|Any CPU
		{5B416B0E-E561-4DC1-9531-FAA323B5709B}.Debug|Any CPU.ActiveCfg = Debug|Any CPU
		{5B416B0E-E561-4DC1-9531-FAA323B5709B}.Debug|Any CPU.Build.0 = Debug|Any CPU
		{5B416B0E-E561-4DC1-9531-FAA323B5709B}.Release|Any CPU.ActiveCfg = Release|Any CPU
		{5B416B0E-E561-4DC1-9531-FAA323B5709B}.Release|Any CPU.Build.0 = Release|Any CPU
		{2469CC23-7F26-4B84-8878-98D90604EEE8}.Debug|Any CPU.ActiveCfg = Debug|Any CPU
		{2469CC23-7F26-4B84-8878-98D90604EEE8}.Release|Any CPU.ActiveCfg = Release|Any CPU
		{637B74C9-AEB1-4B1A-8E92-20AC35D111EB}.Debug|Any CPU.ActiveCfg = Debug|Any CPU
		{637B74C9-AEB1-4B1A-8E92-20AC35D111EB}.Debug|Any CPU.Build.0 = Debug|Any CPU
		{637B74C9-AEB1-4B1A-8E92-20AC35D111EB}.Release|Any CPU.ActiveCfg = Release|Any CPU
		{637B74C9-AEB1-4B1A-8E92-20AC35D111EB}.Release|Any CPU.Build.0 = Release|Any CPU
		{5D5FC907-72AD-4026-AA8D-DB6BA578AE0D}.Debug|Any CPU.ActiveCfg = Debug|Any CPU
		{5D5FC907-72AD-4026-AA8D-DB6BA578AE0D}.Release|Any CPU.ActiveCfg = Release|Any CPU
		{865A944E-76C4-4DA9-B367-6D1CAB66ABCC}.Debug|Any CPU.ActiveCfg = Debug|Any CPU
		{865A944E-76C4-4DA9-B367-6D1CAB66ABCC}.Release|Any CPU.ActiveCfg = Release|Any CPU
		{87CBD379-8F88-4C45-B7B1-595B5BAE734D}.Debug|Any CPU.ActiveCfg = Debug|Any CPU
		{87CBD379-8F88-4C45-B7B1-595B5BAE734D}.Debug|Any CPU.Build.0 = Debug|Any CPU
		{87CBD379-8F88-4C45-B7B1-595B5BAE734D}.Release|Any CPU.ActiveCfg = Release|Any CPU
		{87CBD379-8F88-4C45-B7B1-595B5BAE734D}.Release|Any CPU.Build.0 = Release|Any CPU
		{59C6DEDC-F60D-4EB9-A2E5-793EC42F3895}.Debug|Any CPU.ActiveCfg = Debug|Any CPU
		{59C6DEDC-F60D-4EB9-A2E5-793EC42F3895}.Debug|Any CPU.Build.0 = Debug|Any CPU
		{59C6DEDC-F60D-4EB9-A2E5-793EC42F3895}.Release|Any CPU.ActiveCfg = Release|Any CPU
		{59C6DEDC-F60D-4EB9-A2E5-793EC42F3895}.Release|Any CPU.Build.0 = Release|Any CPU
		{7F7CA6E9-F1F0-403D-B72D-2AC134F64CDE}.Debug|Any CPU.ActiveCfg = Debug|Any CPU
		{7F7CA6E9-F1F0-403D-B72D-2AC134F64CDE}.Debug|Any CPU.Build.0 = Debug|Any CPU
		{7F7CA6E9-F1F0-403D-B72D-2AC134F64CDE}.Release|Any CPU.ActiveCfg = Release|Any CPU
		{7F7CA6E9-F1F0-403D-B72D-2AC134F64CDE}.Release|Any CPU.Build.0 = Release|Any CPU
		{8FACDBA2-3FAD-4DBA-812A-67B9D1892F32}.Debug|Any CPU.ActiveCfg = Debug|Any CPU
		{8FACDBA2-3FAD-4DBA-812A-67B9D1892F32}.Release|Any CPU.ActiveCfg = Release|Any CPU
		{A09449F4-008C-4BD8-AF3A-A98B7603D85D}.Debug|Any CPU.ActiveCfg = Debug|Any CPU
		{A09449F4-008C-4BD8-AF3A-A98B7603D85D}.Release|Any CPU.ActiveCfg = Release|Any CPU
		{0DEF31F7-72E4-428A-A32B-C11F9C28B192}.Debug|Any CPU.ActiveCfg = Debug|Any CPU
		{0DEF31F7-72E4-428A-A32B-C11F9C28B192}.Debug|Any CPU.Build.0 = Debug|Any CPU
		{0DEF31F7-72E4-428A-A32B-C11F9C28B192}.Release|Any CPU.ActiveCfg = Release|Any CPU
		{0DEF31F7-72E4-428A-A32B-C11F9C28B192}.Release|Any CPU.Build.0 = Release|Any CPU
		{3A73EEED-1602-4CAC-BAAD-56062A3431CC}.Debug|Any CPU.ActiveCfg = Debug|Any CPU
		{3A73EEED-1602-4CAC-BAAD-56062A3431CC}.Debug|Any CPU.Build.0 = Debug|Any CPU
		{3A73EEED-1602-4CAC-BAAD-56062A3431CC}.Release|Any CPU.ActiveCfg = Release|Any CPU
		{3A73EEED-1602-4CAC-BAAD-56062A3431CC}.Release|Any CPU.Build.0 = Release|Any CPU
		{3D8E64BB-C0D0-433A-AC4C-B9FFCFA4E013}.Debug|Any CPU.ActiveCfg = Debug|Any CPU
		{3D8E64BB-C0D0-433A-AC4C-B9FFCFA4E013}.Debug|Any CPU.Build.0 = Debug|Any CPU
		{3D8E64BB-C0D0-433A-AC4C-B9FFCFA4E013}.Release|Any CPU.ActiveCfg = Release|Any CPU
		{3D8E64BB-C0D0-433A-AC4C-B9FFCFA4E013}.Release|Any CPU.Build.0 = Release|Any CPU
		{7EE65CBF-9052-4C02-BCDD-61C88A1E10E1}.Debug|Any CPU.ActiveCfg = Debug|Any CPU
		{7EE65CBF-9052-4C02-BCDD-61C88A1E10E1}.Debug|Any CPU.Build.0 = Debug|Any CPU
		{7EE65CBF-9052-4C02-BCDD-61C88A1E10E1}.Release|Any CPU.ActiveCfg = Release|Any CPU
		{7EE65CBF-9052-4C02-BCDD-61C88A1E10E1}.Release|Any CPU.Build.0 = Release|Any CPU
		{F74CBB5A-97B9-4F68-8077-8BAB49C841DC}.Debug|Any CPU.ActiveCfg = Debug|Any CPU
		{F74CBB5A-97B9-4F68-8077-8BAB49C841DC}.Release|Any CPU.ActiveCfg = Release|Any CPU
		{196A5BCC-F189-443D-8D84-4B3BE66BBA9F}.Debug|Any CPU.ActiveCfg = Debug|Any CPU
		{196A5BCC-F189-443D-8D84-4B3BE66BBA9F}.Release|Any CPU.ActiveCfg = Release|Any CPU
		{6330DD34-9B05-4BD9-98E7-507134751CCA}.Debug|Any CPU.ActiveCfg = Debug|Any CPU
		{6330DD34-9B05-4BD9-98E7-507134751CCA}.Release|Any CPU.ActiveCfg = Release|Any CPU
		{46FB5F1B-57C6-4CA3-B626-887DF6D806DD}.Debug|Any CPU.ActiveCfg = Debug|Any CPU
		{46FB5F1B-57C6-4CA3-B626-887DF6D806DD}.Debug|Any CPU.Build.0 = Debug|Any CPU
		{46FB5F1B-57C6-4CA3-B626-887DF6D806DD}.Release|Any CPU.ActiveCfg = Release|Any CPU
		{46FB5F1B-57C6-4CA3-B626-887DF6D806DD}.Release|Any CPU.Build.0 = Release|Any CPU
		{2D54392A-8D86-4F54-9993-FB3B6C4C090E}.Debug|Any CPU.ActiveCfg = Debug|Any CPU
		{2D54392A-8D86-4F54-9993-FB3B6C4C090E}.Debug|Any CPU.Build.0 = Debug|Any CPU
		{2D54392A-8D86-4F54-9993-FB3B6C4C090E}.Release|Any CPU.ActiveCfg = Release|Any CPU
		{2D54392A-8D86-4F54-9993-FB3B6C4C090E}.Release|Any CPU.Build.0 = Release|Any CPU
		{CDB843FE-108B-435A-BF17-68052C64F500}.Debug|Any CPU.ActiveCfg = Debug|Any CPU
		{CDB843FE-108B-435A-BF17-68052C64F500}.Debug|Any CPU.Build.0 = Debug|Any CPU
		{CDB843FE-108B-435A-BF17-68052C64F500}.Release|Any CPU.ActiveCfg = Release|Any CPU
		{CDB843FE-108B-435A-BF17-68052C64F500}.Release|Any CPU.Build.0 = Release|Any CPU
		{9BE97AEC-032C-454B-BDAA-29418A769237}.Debug|Any CPU.ActiveCfg = Debug|Any CPU
		{9BE97AEC-032C-454B-BDAA-29418A769237}.Debug|Any CPU.Build.0 = Debug|Any CPU
		{9BE97AEC-032C-454B-BDAA-29418A769237}.Release|Any CPU.ActiveCfg = Release|Any CPU
		{9BE97AEC-032C-454B-BDAA-29418A769237}.Release|Any CPU.Build.0 = Release|Any CPU
		{E04B4AA1-2C79-4153-87A0-2BAC1256E4DE}.Debug|Any CPU.ActiveCfg = Debug|Any CPU
		{E04B4AA1-2C79-4153-87A0-2BAC1256E4DE}.Debug|Any CPU.Build.0 = Debug|Any CPU
		{E04B4AA1-2C79-4153-87A0-2BAC1256E4DE}.Release|Any CPU.ActiveCfg = Release|Any CPU
		{E04B4AA1-2C79-4153-87A0-2BAC1256E4DE}.Release|Any CPU.Build.0 = Release|Any CPU
		{D2257807-4A0A-4324-A10B-D160550C9E1E}.Debug|Any CPU.ActiveCfg = Debug|Any CPU
		{D2257807-4A0A-4324-A10B-D160550C9E1E}.Debug|Any CPU.Build.0 = Debug|Any CPU
		{D2257807-4A0A-4324-A10B-D160550C9E1E}.Release|Any CPU.ActiveCfg = Release|Any CPU
		{D2257807-4A0A-4324-A10B-D160550C9E1E}.Release|Any CPU.Build.0 = Release|Any CPU
		{7DD70AFD-69C4-4C82-9B67-5EE4A671D741}.Debug|Any CPU.ActiveCfg = Debug|Any CPU
		{7DD70AFD-69C4-4C82-9B67-5EE4A671D741}.Debug|Any CPU.Build.0 = Debug|Any CPU
		{7DD70AFD-69C4-4C82-9B67-5EE4A671D741}.Release|Any CPU.ActiveCfg = Release|Any CPU
		{7DD70AFD-69C4-4C82-9B67-5EE4A671D741}.Release|Any CPU.Build.0 = Release|Any CPU
		{9273591A-0499-4DAB-ACDA-3565586B9881}.Debug|Any CPU.ActiveCfg = Debug|Any CPU
		{9273591A-0499-4DAB-ACDA-3565586B9881}.Debug|Any CPU.Build.0 = Debug|Any CPU
		{9273591A-0499-4DAB-ACDA-3565586B9881}.Release|Any CPU.ActiveCfg = Release|Any CPU
		{9273591A-0499-4DAB-ACDA-3565586B9881}.Release|Any CPU.Build.0 = Release|Any CPU
		{355E060E-2214-4001-8810-5E2381E1C075}.Debug|Any CPU.ActiveCfg = Debug|Any CPU
		{355E060E-2214-4001-8810-5E2381E1C075}.Debug|Any CPU.Build.0 = Debug|Any CPU
		{355E060E-2214-4001-8810-5E2381E1C075}.Release|Any CPU.ActiveCfg = Release|Any CPU
		{355E060E-2214-4001-8810-5E2381E1C075}.Release|Any CPU.Build.0 = Release|Any CPU
		{9E243B01-0DA5-4E7B-9539-7E5BF87106EE}.Debug|Any CPU.ActiveCfg = Debug|Any CPU
		{9E243B01-0DA5-4E7B-9539-7E5BF87106EE}.Debug|Any CPU.Build.0 = Debug|Any CPU
		{9E243B01-0DA5-4E7B-9539-7E5BF87106EE}.Release|Any CPU.ActiveCfg = Release|Any CPU
		{9E243B01-0DA5-4E7B-9539-7E5BF87106EE}.Release|Any CPU.Build.0 = Release|Any CPU
		{10D4F412-0F01-485F-957E-9EA8F16AED10}.Debug|Any CPU.ActiveCfg = Debug|Any CPU
		{10D4F412-0F01-485F-957E-9EA8F16AED10}.Debug|Any CPU.Build.0 = Debug|Any CPU
		{10D4F412-0F01-485F-957E-9EA8F16AED10}.Release|Any CPU.ActiveCfg = Release|Any CPU
		{10D4F412-0F01-485F-957E-9EA8F16AED10}.Release|Any CPU.Build.0 = Release|Any CPU
		{63D7285C-0C40-49E9-BB4D-8AD2E0A29E62}.Debug|Any CPU.ActiveCfg = Debug|Any CPU
		{63D7285C-0C40-49E9-BB4D-8AD2E0A29E62}.Debug|Any CPU.Build.0 = Debug|Any CPU
		{63D7285C-0C40-49E9-BB4D-8AD2E0A29E62}.Release|Any CPU.ActiveCfg = Release|Any CPU
		{63D7285C-0C40-49E9-BB4D-8AD2E0A29E62}.Release|Any CPU.Build.0 = Release|Any CPU
		{35833700-B5EF-4211-91C7-E12A03DE3B82}.Debug|Any CPU.ActiveCfg = Debug|Any CPU
		{35833700-B5EF-4211-91C7-E12A03DE3B82}.Debug|Any CPU.Build.0 = Debug|Any CPU
		{35833700-B5EF-4211-91C7-E12A03DE3B82}.Release|Any CPU.ActiveCfg = Release|Any CPU
		{35833700-B5EF-4211-91C7-E12A03DE3B82}.Release|Any CPU.Build.0 = Release|Any CPU
		{2A51F9EB-BFCB-4285-A6FC-80CCA46228FB}.Debug|Any CPU.ActiveCfg = Debug|Any CPU
		{2A51F9EB-BFCB-4285-A6FC-80CCA46228FB}.Debug|Any CPU.Build.0 = Debug|Any CPU
		{2A51F9EB-BFCB-4285-A6FC-80CCA46228FB}.Release|Any CPU.ActiveCfg = Release|Any CPU
		{2A51F9EB-BFCB-4285-A6FC-80CCA46228FB}.Release|Any CPU.Build.0 = Release|Any CPU
		{6230C568-E97B-4959-8ECE-33D97D1BBD4C}.Debug|Any CPU.ActiveCfg = Debug|Any CPU
		{6230C568-E97B-4959-8ECE-33D97D1BBD4C}.Debug|Any CPU.Build.0 = Debug|Any CPU
		{6230C568-E97B-4959-8ECE-33D97D1BBD4C}.Release|Any CPU.ActiveCfg = Release|Any CPU
		{6230C568-E97B-4959-8ECE-33D97D1BBD4C}.Release|Any CPU.Build.0 = Release|Any CPU
		{8F66055B-3A50-4F9B-A774-7D17F2D4A523}.Debug|Any CPU.ActiveCfg = Debug|Any CPU
		{8F66055B-3A50-4F9B-A774-7D17F2D4A523}.Debug|Any CPU.Build.0 = Debug|Any CPU
		{8F66055B-3A50-4F9B-A774-7D17F2D4A523}.Release|Any CPU.ActiveCfg = Release|Any CPU
		{8F66055B-3A50-4F9B-A774-7D17F2D4A523}.Release|Any CPU.Build.0 = Release|Any CPU
		{31062ADB-88CD-401A-8DFE-B070DD91CFFD}.Debug|Any CPU.ActiveCfg = Debug|Any CPU
		{31062ADB-88CD-401A-8DFE-B070DD91CFFD}.Debug|Any CPU.Build.0 = Debug|Any CPU
		{31062ADB-88CD-401A-8DFE-B070DD91CFFD}.Release|Any CPU.ActiveCfg = Release|Any CPU
		{31062ADB-88CD-401A-8DFE-B070DD91CFFD}.Release|Any CPU.Build.0 = Release|Any CPU
		{95676184-9498-465C-B4FE-C67AA09A0397}.Debug|Any CPU.ActiveCfg = Debug|Any CPU
		{95676184-9498-465C-B4FE-C67AA09A0397}.Debug|Any CPU.Build.0 = Debug|Any CPU
		{95676184-9498-465C-B4FE-C67AA09A0397}.Release|Any CPU.ActiveCfg = Release|Any CPU
		{95676184-9498-465C-B4FE-C67AA09A0397}.Release|Any CPU.Build.0 = Release|Any CPU
		{69E631C8-3266-4D40-9A7A-D67C07972BE2}.Debug|Any CPU.ActiveCfg = Debug|Any CPU
		{69E631C8-3266-4D40-9A7A-D67C07972BE2}.Debug|Any CPU.Build.0 = Debug|Any CPU
		{69E631C8-3266-4D40-9A7A-D67C07972BE2}.Release|Any CPU.ActiveCfg = Release|Any CPU
		{69E631C8-3266-4D40-9A7A-D67C07972BE2}.Release|Any CPU.Build.0 = Release|Any CPU
		{2B369949-0297-485E-9455-E8F54D078DB3}.Debug|Any CPU.ActiveCfg = Debug|Any CPU
		{2B369949-0297-485E-9455-E8F54D078DB3}.Debug|Any CPU.Build.0 = Debug|Any CPU
		{2B369949-0297-485E-9455-E8F54D078DB3}.Release|Any CPU.ActiveCfg = Release|Any CPU
		{2B369949-0297-485E-9455-E8F54D078DB3}.Release|Any CPU.Build.0 = Release|Any CPU
	EndGlobalSection
	GlobalSection(SolutionProperties) = preSolution
		HideSolutionNode = FALSE
	EndGlobalSection
	GlobalSection(NestedProjects) = preSolution
		{5AA7F0B6-30E6-451A-B1BE-F003BD3EC203} = {B6DC1190-2873-44A3-85B3-63D7BDE99231}
		{DF3AF954-1999-4244-A783-BCE96EE17816} = {32FD7A00-B42E-4B0B-B09C-9CE48D8E047B}
		{98D48365-5BC3-4358-A62A-D7472ECF8081} = {B6DC1190-2873-44A3-85B3-63D7BDE99231}
		{EB15554F-1CDA-4AFE-A5D5-036C2380FAC1} = {B6DC1190-2873-44A3-85B3-63D7BDE99231}
		{1EE77A34-9EAA-40F1-A9E3-3E5CAE1F60BB} = {B6DC1190-2873-44A3-85B3-63D7BDE99231}
		{EE8C3883-3439-428E-8EB6-583052FBB012} = {B6DC1190-2873-44A3-85B3-63D7BDE99231}
		{28E0E967-A94D-4820-8A61-0B71D3B2780F} = {8A30EBBD-E436-40A4-AC79-5CB801F87FBB}
		{23275624-C0DA-4E93-9291-081D75E8CCD2} = {8A30EBBD-E436-40A4-AC79-5CB801F87FBB}
		{CEA12F10-5DB4-485D-97D1-508286B9B30A} = {28E0E967-A94D-4820-8A61-0B71D3B2780F}
		{17C39EB0-0DCA-4B43-9232-FA8DB9A6E675} = {B6DC1190-2873-44A3-85B3-63D7BDE99231}
		{9FF36F82-01BF-484C-B886-E201493A9429} = {28E0E967-A94D-4820-8A61-0B71D3B2780F}
		{5B416B0E-E561-4DC1-9531-FAA323B5709B} = {28E0E967-A94D-4820-8A61-0B71D3B2780F}
		{2469CC23-7F26-4B84-8878-98D90604EEE8} = {32FD7A00-B42E-4B0B-B09C-9CE48D8E047B}
		{637B74C9-AEB1-4B1A-8E92-20AC35D111EB} = {32FD7A00-B42E-4B0B-B09C-9CE48D8E047B}
		{5D5FC907-72AD-4026-AA8D-DB6BA578AE0D} = {32FD7A00-B42E-4B0B-B09C-9CE48D8E047B}
		{865A944E-76C4-4DA9-B367-6D1CAB66ABCC} = {32FD7A00-B42E-4B0B-B09C-9CE48D8E047B}
		{87CBD379-8F88-4C45-B7B1-595B5BAE734D} = {B6DC1190-2873-44A3-85B3-63D7BDE99231}
		{59C6DEDC-F60D-4EB9-A2E5-793EC42F3895} = {B6DC1190-2873-44A3-85B3-63D7BDE99231}
		{7F7CA6E9-F1F0-403D-B72D-2AC134F64CDE} = {28E0E967-A94D-4820-8A61-0B71D3B2780F}
		{8FACDBA2-3FAD-4DBA-812A-67B9D1892F32} = {23275624-C0DA-4E93-9291-081D75E8CCD2}
		{A09449F4-008C-4BD8-AF3A-A98B7603D85D} = {23275624-C0DA-4E93-9291-081D75E8CCD2}
		{0DEF31F7-72E4-428A-A32B-C11F9C28B192} = {B6DC1190-2873-44A3-85B3-63D7BDE99231}
		{3A73EEED-1602-4CAC-BAAD-56062A3431CC} = {B6DC1190-2873-44A3-85B3-63D7BDE99231}
		{3D8E64BB-C0D0-433A-AC4C-B9FFCFA4E013} = {B6DC1190-2873-44A3-85B3-63D7BDE99231}
		{7EE65CBF-9052-4C02-BCDD-61C88A1E10E1} = {B6DC1190-2873-44A3-85B3-63D7BDE99231}
		{F74CBB5A-97B9-4F68-8077-8BAB49C841DC} = {32FD7A00-B42E-4B0B-B09C-9CE48D8E047B}
		{196A5BCC-F189-443D-8D84-4B3BE66BBA9F} = {32FD7A00-B42E-4B0B-B09C-9CE48D8E047B}
		{6330DD34-9B05-4BD9-98E7-507134751CCA} = {23275624-C0DA-4E93-9291-081D75E8CCD2}
		{46FB5F1B-57C6-4CA3-B626-887DF6D806DD} = {B6DC1190-2873-44A3-85B3-63D7BDE99231}
		{2D54392A-8D86-4F54-9993-FB3B6C4C090E} = {B6DC1190-2873-44A3-85B3-63D7BDE99231}
		{CDB843FE-108B-435A-BF17-68052C64F500} = {B6DC1190-2873-44A3-85B3-63D7BDE99231}
		{9BE97AEC-032C-454B-BDAA-29418A769237} = {B6DC1190-2873-44A3-85B3-63D7BDE99231}
		{E04B4AA1-2C79-4153-87A0-2BAC1256E4DE} = {B6DC1190-2873-44A3-85B3-63D7BDE99231}
		{D2257807-4A0A-4324-A10B-D160550C9E1E} = {28E0E967-A94D-4820-8A61-0B71D3B2780F}
		{7DD70AFD-69C4-4C82-9B67-5EE4A671D741} = {28E0E967-A94D-4820-8A61-0B71D3B2780F}
		{9273591A-0499-4DAB-ACDA-3565586B9881} = {28E0E967-A94D-4820-8A61-0B71D3B2780F}
		{355E060E-2214-4001-8810-5E2381E1C075} = {B6DC1190-2873-44A3-85B3-63D7BDE99231}
		{9E243B01-0DA5-4E7B-9539-7E5BF87106EE} = {B6DC1190-2873-44A3-85B3-63D7BDE99231}
		{10D4F412-0F01-485F-957E-9EA8F16AED10} = {B6DC1190-2873-44A3-85B3-63D7BDE99231}
		{63D7285C-0C40-49E9-BB4D-8AD2E0A29E62} = {B6DC1190-2873-44A3-85B3-63D7BDE99231}
		{35833700-B5EF-4211-91C7-E12A03DE3B82} = {B6DC1190-2873-44A3-85B3-63D7BDE99231}
		{2A51F9EB-BFCB-4285-A6FC-80CCA46228FB} = {B6DC1190-2873-44A3-85B3-63D7BDE99231}
		{6230C568-E97B-4959-8ECE-33D97D1BBD4C} = {28E0E967-A94D-4820-8A61-0B71D3B2780F}
		{8F66055B-3A50-4F9B-A774-7D17F2D4A523} = {B6DC1190-2873-44A3-85B3-63D7BDE99231}
		{31062ADB-88CD-401A-8DFE-B070DD91CFFD} = {B6DC1190-2873-44A3-85B3-63D7BDE99231}
		{C757E76C-AE42-4700-A92C-ED321D9CDB39} = {28E0E967-A94D-4820-8A61-0B71D3B2780F}
		{95676184-9498-465C-B4FE-C67AA09A0397} = {C757E76C-AE42-4700-A92C-ED321D9CDB39}
		{69E631C8-3266-4D40-9A7A-D67C07972BE2} = {B6DC1190-2873-44A3-85B3-63D7BDE99231}
		{2B369949-0297-485E-9455-E8F54D078DB3} = {C757E76C-AE42-4700-A92C-ED321D9CDB39}
	EndGlobalSection
	GlobalSection(ExtensibilityGlobals) = postSolution
		SolutionGuid = {FF5DE858-4B85-4EE8-8A6D-46E8E4FBA078}
	EndGlobalSection
EndGlobal
