
Microsoft Visual Studio Solution File, Format Version 12.00
# Visual Studio Version 17
VisualStudioVersion = 17.5.33530.505
MinimumVisualStudioVersion = 10.0.40219.1
Project("{9A19103F-16F7-4668-BE54-9A1E7A4F7556}") = "Chat", "ui\Chat\Chat.csproj", "{E8C2FE79-83B4-460F-BACD-467E9200C9DD}"
EndProject
Project("{9A19103F-16F7-4668-BE54-9A1E7A4F7556}") = "Core", "dotnet\Core\Core.csproj", "{5AA7F0B6-30E6-451A-B1BE-F003BD3EC203}"
EndProject
Project("{9A19103F-16F7-4668-BE54-9A1E7A4F7556}") = "SemanticKernel", "dotnet\SemanticKernel\SemanticKernel.csproj", "{503CE23D-63D7-4A26-8475-AA71A45D519B}"
EndProject
Project("{888888A0-9F3D-457C-B088-3A5042F75D52}") = "LangChainAPI", "python\LangChainAPI\LangChainAPI.pyproj", "{DF3AF954-1999-4244-A783-BCE96EE17816}"
EndProject
Project("{9A19103F-16F7-4668-BE54-9A1E7A4F7556}") = "SemanticKernelAPI", "dotnet\SemanticKernelAPI\SemanticKernelAPI.csproj", "{98D48365-5BC3-4358-A62A-D7472ECF8081}"
EndProject
Project("{9A19103F-16F7-4668-BE54-9A1E7A4F7556}") = "Common", "dotnet\Common\Common.csproj", "{EB15554F-1CDA-4AFE-A5D5-036C2380FAC1}"
EndProject
Project("{9A19103F-16F7-4668-BE54-9A1E7A4F7556}") = "GatekeeperAPI", "dotnet\GatekeeperAPI\GatekeeperAPI.csproj", "{1EE77A34-9EAA-40F1-A9E3-3E5CAE1F60BB}"
EndProject
Project("{9A19103F-16F7-4668-BE54-9A1E7A4F7556}") = "Gatekeeper", "dotnet\Gatekeeper\Gatekeeper.csproj", "{EE8C3883-3439-428E-8EB6-583052FBB012}"
EndProject
Project("{2150E333-8FDC-42A3-9474-1A3956D46DE8}") = "tests", "tests", "{8A30EBBD-E436-40A4-AC79-5CB801F87FBB}"
EndProject
Project("{2150E333-8FDC-42A3-9474-1A3956D46DE8}") = "dotnet", "dotnet", "{28E0E967-A94D-4820-8A61-0B71D3B2780F}"
EndProject
Project("{2150E333-8FDC-42A3-9474-1A3956D46DE8}") = "python", "python", "{23275624-C0DA-4E93-9291-081D75E8CCD2}"
EndProject
Project("{9A19103F-16F7-4668-BE54-9A1E7A4F7556}") = "Core.Tests", "..\tests\dotnet\Core.Tests\Core.Tests.csproj", "{CEA12F10-5DB4-485D-97D1-508286B9B30A}"
EndProject
Project("{2150E333-8FDC-42A3-9474-1A3956D46DE8}") = "dotnet", "dotnet", "{B6DC1190-2873-44A3-85B3-63D7BDE99231}"
EndProject
Project("{2150E333-8FDC-42A3-9474-1A3956D46DE8}") = "python", "python", "{32FD7A00-B42E-4B0B-B09C-9CE48D8E047B}"
EndProject
Project("{9A19103F-16F7-4668-BE54-9A1E7A4F7556}") = "CoreAPI", "dotnet\CoreAPI\CoreAPI.csproj", "{17C39EB0-0DCA-4B43-9232-FA8DB9A6E675}"
EndProject
Project("{9A19103F-16F7-4668-BE54-9A1E7A4F7556}") = "Common.Tests", "..\tests\dotnet\Common.Tests\Common.Tests.csproj", "{9FF36F82-01BF-484C-B886-E201493A9429}"
EndProject
Project("{9A19103F-16F7-4668-BE54-9A1E7A4F7556}") = "SemanticKernel.Tests", "..\tests\dotnet\SemanticKernel.Tests\SemanticKernel.Tests.csproj", "{A5ADBB62-7573-4D07-8E15-F2AB5769CD1E}"
EndProject
Project("{9A19103F-16F7-4668-BE54-9A1E7A4F7556}") = "Gatekeeper.Tests", "..\tests\dotnet\Gatekeeper.Tests\Gatekeeper.Tests.csproj", "{5B416B0E-E561-4DC1-9531-FAA323B5709B}"
EndProject
Project("{888888A0-9F3D-457C-B088-3A5042F75D52}") = "PythonSDK", "python\PythonSDK\PythonSDK.pyproj", "{2469CC23-7F26-4B84-8878-98D90604EEE8}"
EndProject
Project("{888888A0-9F3D-457C-B088-3A5042F75D52}") = "DataSourceHubAPI", "python\DataSourceHubAPI\DataSourceHubAPI.pyproj", "{637B74C9-AEB1-4B1A-8E92-20AC35D111EB}"
EndProject
Project("{888888A0-9F3D-457C-B088-3A5042F75D52}") = "PromptHubAPI", "python\PromptHubAPI\PromptHubAPI.pyproj", "{5D5FC907-72AD-4026-AA8D-DB6BA578AE0D}"
EndProject
Project("{888888A0-9F3D-457C-B088-3A5042F75D52}") = "AgentHubAPI", "python\AgentHubAPI\AgentHubAPI.pyproj", "{865A944E-76C4-4DA9-B367-6D1CAB66ABCC}"
EndProject
Project("{9A19103F-16F7-4668-BE54-9A1E7A4F7556}") = "AgentFactoryAPI", "dotnet\AgentFactoryAPI\AgentFactoryAPI.csproj", "{87CBD379-8F88-4C45-B7B1-595B5BAE734D}"
EndProject
Project("{9A19103F-16F7-4668-BE54-9A1E7A4F7556}") = "AgentFactory", "dotnet\AgentFactory\AgentFactory.csproj", "{59C6DEDC-F60D-4EB9-A2E5-793EC42F3895}"
EndProject
Project("{FAE04EC0-301F-11D3-BF4B-00C04F79EFBC}") = "TestUtils", "..\tests\dotnet\TestUtils\TestUtils.csproj", "{7F7CA6E9-F1F0-403D-B72D-2AC134F64CDE}"
EndProject
Global
	GlobalSection(SolutionConfigurationPlatforms) = preSolution
		Debug|Any CPU = Debug|Any CPU
		Release|Any CPU = Release|Any CPU
	EndGlobalSection
	GlobalSection(ProjectConfigurationPlatforms) = postSolution
		{E8C2FE79-83B4-460F-BACD-467E9200C9DD}.Debug|Any CPU.ActiveCfg = Debug|Any CPU
		{E8C2FE79-83B4-460F-BACD-467E9200C9DD}.Debug|Any CPU.Build.0 = Debug|Any CPU
		{E8C2FE79-83B4-460F-BACD-467E9200C9DD}.Release|Any CPU.ActiveCfg = Release|Any CPU
		{E8C2FE79-83B4-460F-BACD-467E9200C9DD}.Release|Any CPU.Build.0 = Release|Any CPU
		{5AA7F0B6-30E6-451A-B1BE-F003BD3EC203}.Debug|Any CPU.ActiveCfg = Debug|Any CPU
		{5AA7F0B6-30E6-451A-B1BE-F003BD3EC203}.Debug|Any CPU.Build.0 = Debug|Any CPU
		{5AA7F0B6-30E6-451A-B1BE-F003BD3EC203}.Release|Any CPU.ActiveCfg = Release|Any CPU
		{5AA7F0B6-30E6-451A-B1BE-F003BD3EC203}.Release|Any CPU.Build.0 = Release|Any CPU
		{503CE23D-63D7-4A26-8475-AA71A45D519B}.Debug|Any CPU.ActiveCfg = Debug|Any CPU
		{503CE23D-63D7-4A26-8475-AA71A45D519B}.Debug|Any CPU.Build.0 = Debug|Any CPU
		{503CE23D-63D7-4A26-8475-AA71A45D519B}.Release|Any CPU.ActiveCfg = Release|Any CPU
		{503CE23D-63D7-4A26-8475-AA71A45D519B}.Release|Any CPU.Build.0 = Release|Any CPU
		{DF3AF954-1999-4244-A783-BCE96EE17816}.Debug|Any CPU.ActiveCfg = Debug|Any CPU
		{DF3AF954-1999-4244-A783-BCE96EE17816}.Debug|Any CPU.Build.0 = Debug|Any CPU
		{DF3AF954-1999-4244-A783-BCE96EE17816}.Release|Any CPU.ActiveCfg = Release|Any CPU
		{DF3AF954-1999-4244-A783-BCE96EE17816}.Release|Any CPU.Build.0 = Release|Any CPU
		{98D48365-5BC3-4358-A62A-D7472ECF8081}.Debug|Any CPU.ActiveCfg = Debug|Any CPU
		{98D48365-5BC3-4358-A62A-D7472ECF8081}.Debug|Any CPU.Build.0 = Debug|Any CPU
		{98D48365-5BC3-4358-A62A-D7472ECF8081}.Release|Any CPU.ActiveCfg = Release|Any CPU
		{98D48365-5BC3-4358-A62A-D7472ECF8081}.Release|Any CPU.Build.0 = Release|Any CPU
		{EB15554F-1CDA-4AFE-A5D5-036C2380FAC1}.Debug|Any CPU.ActiveCfg = Debug|Any CPU
		{EB15554F-1CDA-4AFE-A5D5-036C2380FAC1}.Debug|Any CPU.Build.0 = Debug|Any CPU
		{EB15554F-1CDA-4AFE-A5D5-036C2380FAC1}.Release|Any CPU.ActiveCfg = Release|Any CPU
		{EB15554F-1CDA-4AFE-A5D5-036C2380FAC1}.Release|Any CPU.Build.0 = Release|Any CPU
		{1EE77A34-9EAA-40F1-A9E3-3E5CAE1F60BB}.Debug|Any CPU.ActiveCfg = Debug|Any CPU
		{1EE77A34-9EAA-40F1-A9E3-3E5CAE1F60BB}.Debug|Any CPU.Build.0 = Debug|Any CPU
		{1EE77A34-9EAA-40F1-A9E3-3E5CAE1F60BB}.Release|Any CPU.ActiveCfg = Release|Any CPU
		{1EE77A34-9EAA-40F1-A9E3-3E5CAE1F60BB}.Release|Any CPU.Build.0 = Release|Any CPU
		{EE8C3883-3439-428E-8EB6-583052FBB012}.Debug|Any CPU.ActiveCfg = Debug|Any CPU
		{EE8C3883-3439-428E-8EB6-583052FBB012}.Debug|Any CPU.Build.0 = Debug|Any CPU
		{EE8C3883-3439-428E-8EB6-583052FBB012}.Release|Any CPU.ActiveCfg = Release|Any CPU
		{EE8C3883-3439-428E-8EB6-583052FBB012}.Release|Any CPU.Build.0 = Release|Any CPU
		{CEA12F10-5DB4-485D-97D1-508286B9B30A}.Debug|Any CPU.ActiveCfg = Debug|Any CPU
		{CEA12F10-5DB4-485D-97D1-508286B9B30A}.Debug|Any CPU.Build.0 = Debug|Any CPU
		{CEA12F10-5DB4-485D-97D1-508286B9B30A}.Release|Any CPU.ActiveCfg = Release|Any CPU
		{CEA12F10-5DB4-485D-97D1-508286B9B30A}.Release|Any CPU.Build.0 = Release|Any CPU
		{17C39EB0-0DCA-4B43-9232-FA8DB9A6E675}.Debug|Any CPU.ActiveCfg = Debug|Any CPU
		{17C39EB0-0DCA-4B43-9232-FA8DB9A6E675}.Debug|Any CPU.Build.0 = Debug|Any CPU
		{17C39EB0-0DCA-4B43-9232-FA8DB9A6E675}.Release|Any CPU.ActiveCfg = Release|Any CPU
		{17C39EB0-0DCA-4B43-9232-FA8DB9A6E675}.Release|Any CPU.Build.0 = Release|Any CPU
		{9FF36F82-01BF-484C-B886-E201493A9429}.Debug|Any CPU.ActiveCfg = Debug|Any CPU
		{9FF36F82-01BF-484C-B886-E201493A9429}.Debug|Any CPU.Build.0 = Debug|Any CPU
		{9FF36F82-01BF-484C-B886-E201493A9429}.Release|Any CPU.ActiveCfg = Release|Any CPU
		{9FF36F82-01BF-484C-B886-E201493A9429}.Release|Any CPU.Build.0 = Release|Any CPU
		{A5ADBB62-7573-4D07-8E15-F2AB5769CD1E}.Debug|Any CPU.ActiveCfg = Debug|Any CPU
		{A5ADBB62-7573-4D07-8E15-F2AB5769CD1E}.Debug|Any CPU.Build.0 = Debug|Any CPU
		{A5ADBB62-7573-4D07-8E15-F2AB5769CD1E}.Release|Any CPU.ActiveCfg = Release|Any CPU
		{A5ADBB62-7573-4D07-8E15-F2AB5769CD1E}.Release|Any CPU.Build.0 = Release|Any CPU
		{5B416B0E-E561-4DC1-9531-FAA323B5709B}.Debug|Any CPU.ActiveCfg = Debug|Any CPU
		{5B416B0E-E561-4DC1-9531-FAA323B5709B}.Debug|Any CPU.Build.0 = Debug|Any CPU
		{5B416B0E-E561-4DC1-9531-FAA323B5709B}.Release|Any CPU.ActiveCfg = Release|Any CPU
		{5B416B0E-E561-4DC1-9531-FAA323B5709B}.Release|Any CPU.Build.0 = Release|Any CPU
		{2469CC23-7F26-4B84-8878-98D90604EEE8}.Debug|Any CPU.ActiveCfg = Debug|Any CPU
		{2469CC23-7F26-4B84-8878-98D90604EEE8}.Release|Any CPU.ActiveCfg = Release|Any CPU
		{637B74C9-AEB1-4B1A-8E92-20AC35D111EB}.Debug|Any CPU.ActiveCfg = Debug|Any CPU
		{637B74C9-AEB1-4B1A-8E92-20AC35D111EB}.Debug|Any CPU.Build.0 = Debug|Any CPU
		{637B74C9-AEB1-4B1A-8E92-20AC35D111EB}.Release|Any CPU.ActiveCfg = Release|Any CPU
		{637B74C9-AEB1-4B1A-8E92-20AC35D111EB}.Release|Any CPU.Build.0 = Release|Any CPU
		{5D5FC907-72AD-4026-AA8D-DB6BA578AE0D}.Debug|Any CPU.ActiveCfg = Debug|Any CPU
		{5D5FC907-72AD-4026-AA8D-DB6BA578AE0D}.Release|Any CPU.ActiveCfg = Release|Any CPU
		{865A944E-76C4-4DA9-B367-6D1CAB66ABCC}.Debug|Any CPU.ActiveCfg = Debug|Any CPU
		{865A944E-76C4-4DA9-B367-6D1CAB66ABCC}.Release|Any CPU.ActiveCfg = Release|Any CPU
		{87CBD379-8F88-4C45-B7B1-595B5BAE734D}.Debug|Any CPU.ActiveCfg = Debug|Any CPU
		{87CBD379-8F88-4C45-B7B1-595B5BAE734D}.Debug|Any CPU.Build.0 = Debug|Any CPU
		{87CBD379-8F88-4C45-B7B1-595B5BAE734D}.Release|Any CPU.ActiveCfg = Release|Any CPU
		{87CBD379-8F88-4C45-B7B1-595B5BAE734D}.Release|Any CPU.Build.0 = Release|Any CPU
		{59C6DEDC-F60D-4EB9-A2E5-793EC42F3895}.Debug|Any CPU.ActiveCfg = Debug|Any CPU
		{59C6DEDC-F60D-4EB9-A2E5-793EC42F3895}.Debug|Any CPU.Build.0 = Debug|Any CPU
		{59C6DEDC-F60D-4EB9-A2E5-793EC42F3895}.Release|Any CPU.ActiveCfg = Release|Any CPU
		{59C6DEDC-F60D-4EB9-A2E5-793EC42F3895}.Release|Any CPU.Build.0 = Release|Any CPU
		{7F7CA6E9-F1F0-403D-B72D-2AC134F64CDE}.Debug|Any CPU.ActiveCfg = Debug|Any CPU
		{7F7CA6E9-F1F0-403D-B72D-2AC134F64CDE}.Debug|Any CPU.Build.0 = Debug|Any CPU
		{7F7CA6E9-F1F0-403D-B72D-2AC134F64CDE}.Release|Any CPU.ActiveCfg = Release|Any CPU
		{7F7CA6E9-F1F0-403D-B72D-2AC134F64CDE}.Release|Any CPU.Build.0 = Release|Any CPU
	EndGlobalSection
	GlobalSection(SolutionProperties) = preSolution
		HideSolutionNode = FALSE
	EndGlobalSection
	GlobalSection(NestedProjects) = preSolution
		{E8C2FE79-83B4-460F-BACD-467E9200C9DD} = {B6DC1190-2873-44A3-85B3-63D7BDE99231}
		{5AA7F0B6-30E6-451A-B1BE-F003BD3EC203} = {B6DC1190-2873-44A3-85B3-63D7BDE99231}
		{503CE23D-63D7-4A26-8475-AA71A45D519B} = {B6DC1190-2873-44A3-85B3-63D7BDE99231}
		{DF3AF954-1999-4244-A783-BCE96EE17816} = {32FD7A00-B42E-4B0B-B09C-9CE48D8E047B}
		{98D48365-5BC3-4358-A62A-D7472ECF8081} = {B6DC1190-2873-44A3-85B3-63D7BDE99231}
		{EB15554F-1CDA-4AFE-A5D5-036C2380FAC1} = {B6DC1190-2873-44A3-85B3-63D7BDE99231}
		{1EE77A34-9EAA-40F1-A9E3-3E5CAE1F60BB} = {B6DC1190-2873-44A3-85B3-63D7BDE99231}
		{EE8C3883-3439-428E-8EB6-583052FBB012} = {B6DC1190-2873-44A3-85B3-63D7BDE99231}
		{28E0E967-A94D-4820-8A61-0B71D3B2780F} = {8A30EBBD-E436-40A4-AC79-5CB801F87FBB}
		{23275624-C0DA-4E93-9291-081D75E8CCD2} = {8A30EBBD-E436-40A4-AC79-5CB801F87FBB}
		{CEA12F10-5DB4-485D-97D1-508286B9B30A} = {28E0E967-A94D-4820-8A61-0B71D3B2780F}
		{17C39EB0-0DCA-4B43-9232-FA8DB9A6E675} = {B6DC1190-2873-44A3-85B3-63D7BDE99231}
		{9FF36F82-01BF-484C-B886-E201493A9429} = {28E0E967-A94D-4820-8A61-0B71D3B2780F}
		{A5ADBB62-7573-4D07-8E15-F2AB5769CD1E} = {28E0E967-A94D-4820-8A61-0B71D3B2780F}
		{5B416B0E-E561-4DC1-9531-FAA323B5709B} = {28E0E967-A94D-4820-8A61-0B71D3B2780F}
		{2469CC23-7F26-4B84-8878-98D90604EEE8} = {32FD7A00-B42E-4B0B-B09C-9CE48D8E047B}
		{637B74C9-AEB1-4B1A-8E92-20AC35D111EB} = {32FD7A00-B42E-4B0B-B09C-9CE48D8E047B}
		{5D5FC907-72AD-4026-AA8D-DB6BA578AE0D} = {32FD7A00-B42E-4B0B-B09C-9CE48D8E047B}
		{865A944E-76C4-4DA9-B367-6D1CAB66ABCC} = {32FD7A00-B42E-4B0B-B09C-9CE48D8E047B}
		{87CBD379-8F88-4C45-B7B1-595B5BAE734D} = {B6DC1190-2873-44A3-85B3-63D7BDE99231}
		{59C6DEDC-F60D-4EB9-A2E5-793EC42F3895} = {B6DC1190-2873-44A3-85B3-63D7BDE99231}
		{7F7CA6E9-F1F0-403D-B72D-2AC134F64CDE} = {28E0E967-A94D-4820-8A61-0B71D3B2780F}
	EndGlobalSection
	GlobalSection(ExtensibilityGlobals) = postSolution
		SolutionGuid = {FF5DE858-4B85-4EE8-8A6D-46E8E4FBA078}
	EndGlobalSection
EndGlobal
