
Microsoft Visual Studio Solution File, Format Version 12.00
# Visual Studio Version 17
VisualStudioVersion = 17.5.33530.505
MinimumVisualStudioVersion = 10.0.40219.1
Project("{9A19103F-16F7-4668-BE54-9A1E7A4F7556}") = "Chat", "Chat\Chat.csproj", "{E8C2FE79-83B4-460F-BACD-467E9200C9DD}"
EndProject
Project("{9A19103F-16F7-4668-BE54-9A1E7A4F7556}") = "Core", "Core\Core.csproj", "{5AA7F0B6-30E6-451A-B1BE-F003BD3EC203}"
EndProject
Project("{9A19103F-16F7-4668-BE54-9A1E7A4F7556}") = "ChatAPI", "ChatAPI\ChatAPI.csproj", "{3450C557-BECA-4F6D-B414-5941129229A6}"
EndProject
Project("{9A19103F-16F7-4668-BE54-9A1E7A4F7556}") = "SemanticKernel", "SemanticKernel\SemanticKernel.csproj", "{503CE23D-63D7-4A26-8475-AA71A45D519B}"
EndProject
Project("{888888A0-9F3D-457C-B088-3A5042F75D52}") = "LangChainAPI", "LangChainAPI\LangChainAPI.pyproj", "{DF3AF954-1999-4244-A783-BCE96EE17816}"
EndProject
Project("{9A19103F-16F7-4668-BE54-9A1E7A4F7556}") = "SemanticKernelAPI", "SemanticKernelAPI\SemanticKernelAPI.csproj", "{98D48365-5BC3-4358-A62A-D7472ECF8081}"
EndProject
Project("{FAE04EC0-301F-11D3-BF4B-00C04F79EFBC}") = "Common", "Common\Common.csproj", "{EB15554F-1CDA-4AFE-A5D5-036C2380FAC1}"
EndProject
Project("{9A19103F-16F7-4668-BE54-9A1E7A4F7556}") = "GatekeeperAPI", "GatekeeperAPI\GatekeeperAPI.csproj", "{1EE77A34-9EAA-40F1-A9E3-3E5CAE1F60BB}"
EndProject
Project("{FAE04EC0-301F-11D3-BF4B-00C04F79EFBC}") = "Gatekeeper", "Gatekeeper\Gatekeeper.csproj", "{EE8C3883-3439-428E-8EB6-583052FBB012}"
EndProject
Global
	GlobalSection(SolutionConfigurationPlatforms) = preSolution
		Debug|Any CPU = Debug|Any CPU
		Release|Any CPU = Release|Any CPU
	EndGlobalSection
	GlobalSection(ProjectConfigurationPlatforms) = postSolution
		{E8C2FE79-83B4-460F-BACD-467E9200C9DD}.Debug|Any CPU.ActiveCfg = Debug|Any CPU
		{E8C2FE79-83B4-460F-BACD-467E9200C9DD}.Debug|Any CPU.Build.0 = Debug|Any CPU
		{E8C2FE79-83B4-460F-BACD-467E9200C9DD}.Release|Any CPU.ActiveCfg = Release|Any CPU
		{E8C2FE79-83B4-460F-BACD-467E9200C9DD}.Release|Any CPU.Build.0 = Release|Any CPU
		{5AA7F0B6-30E6-451A-B1BE-F003BD3EC203}.Debug|Any CPU.ActiveCfg = Debug|Any CPU
		{5AA7F0B6-30E6-451A-B1BE-F003BD3EC203}.Debug|Any CPU.Build.0 = Debug|Any CPU
		{5AA7F0B6-30E6-451A-B1BE-F003BD3EC203}.Release|Any CPU.ActiveCfg = Release|Any CPU
		{5AA7F0B6-30E6-451A-B1BE-F003BD3EC203}.Release|Any CPU.Build.0 = Release|Any CPU
		{3450C557-BECA-4F6D-B414-5941129229A6}.Debug|Any CPU.ActiveCfg = Debug|Any CPU
		{3450C557-BECA-4F6D-B414-5941129229A6}.Debug|Any CPU.Build.0 = Debug|Any CPU
		{3450C557-BECA-4F6D-B414-5941129229A6}.Release|Any CPU.ActiveCfg = Release|Any CPU
		{3450C557-BECA-4F6D-B414-5941129229A6}.Release|Any CPU.Build.0 = Release|Any CPU
		{503CE23D-63D7-4A26-8475-AA71A45D519B}.Debug|Any CPU.ActiveCfg = Debug|Any CPU
		{503CE23D-63D7-4A26-8475-AA71A45D519B}.Debug|Any CPU.Build.0 = Debug|Any CPU
		{503CE23D-63D7-4A26-8475-AA71A45D519B}.Release|Any CPU.ActiveCfg = Release|Any CPU
		{503CE23D-63D7-4A26-8475-AA71A45D519B}.Release|Any CPU.Build.0 = Release|Any CPU
		{DF3AF954-1999-4244-A783-BCE96EE17816}.Debug|Any CPU.ActiveCfg = Debug|Any CPU
		{DF3AF954-1999-4244-A783-BCE96EE17816}.Debug|Any CPU.Build.0 = Debug|Any CPU
		{DF3AF954-1999-4244-A783-BCE96EE17816}.Release|Any CPU.ActiveCfg = Release|Any CPU
		{DF3AF954-1999-4244-A783-BCE96EE17816}.Release|Any CPU.Build.0 = Release|Any CPU
		{98D48365-5BC3-4358-A62A-D7472ECF8081}.Debug|Any CPU.ActiveCfg = Debug|Any CPU
		{98D48365-5BC3-4358-A62A-D7472ECF8081}.Debug|Any CPU.Build.0 = Debug|Any CPU
		{98D48365-5BC3-4358-A62A-D7472ECF8081}.Release|Any CPU.ActiveCfg = Release|Any CPU
		{98D48365-5BC3-4358-A62A-D7472ECF8081}.Release|Any CPU.Build.0 = Release|Any CPU
		{ACC3A01C-9181-47B8-B539-C765EBFC0B67}.Debug|Any CPU.ActiveCfg = Debug|Any CPU
		{ACC3A01C-9181-47B8-B539-C765EBFC0B67}.Debug|Any CPU.Build.0 = Debug|Any CPU
		{ACC3A01C-9181-47B8-B539-C765EBFC0B67}.Release|Any CPU.ActiveCfg = Release|Any CPU
		{ACC3A01C-9181-47B8-B539-C765EBFC0B67}.Release|Any CPU.Build.0 = Release|Any CPU
		{1EE77A34-9EAA-40F1-A9E3-3E5CAE1F60BB}.Debug|Any CPU.ActiveCfg = Debug|Any CPU
		{1EE77A34-9EAA-40F1-A9E3-3E5CAE1F60BB}.Debug|Any CPU.Build.0 = Debug|Any CPU
		{1EE77A34-9EAA-40F1-A9E3-3E5CAE1F60BB}.Release|Any CPU.ActiveCfg = Release|Any CPU
		{1EE77A34-9EAA-40F1-A9E3-3E5CAE1F60BB}.Release|Any CPU.Build.0 = Release|Any CPU
		{EE8C3883-3439-428E-8EB6-583052FBB012}.Debug|Any CPU.ActiveCfg = Debug|Any CPU
		{EE8C3883-3439-428E-8EB6-583052FBB012}.Debug|Any CPU.Build.0 = Debug|Any CPU
		{EE8C3883-3439-428E-8EB6-583052FBB012}.Release|Any CPU.ActiveCfg = Release|Any CPU
		{EE8C3883-3439-428E-8EB6-583052FBB012}.Release|Any CPU.Build.0 = Release|Any CPU
		{EB15554F-1CDA-4AFE-A5D5-036C2380FAC1}.Debug|Any CPU.ActiveCfg = Debug|Any CPU
		{EB15554F-1CDA-4AFE-A5D5-036C2380FAC1}.Debug|Any CPU.Build.0 = Debug|Any CPU
		{EB15554F-1CDA-4AFE-A5D5-036C2380FAC1}.Release|Any CPU.ActiveCfg = Release|Any CPU
		{EB15554F-1CDA-4AFE-A5D5-036C2380FAC1}.Release|Any CPU.Build.0 = Release|Any CPU
	EndGlobalSection
	GlobalSection(SolutionProperties) = preSolution
		HideSolutionNode = FALSE
	EndGlobalSection
	GlobalSection(ExtensibilityGlobals) = postSolution
		SolutionGuid = {FF5DE858-4B85-4EE8-8A6D-46E8E4FBA078}
	EndGlobalSection
EndGlobal
